
Microsoft Visual Studio Solution File, Format Version 12.00
# Visual Studio 2012
Project("{8BC9CEB8-8B4A-11D0-8D11-00A0C91BC942}") = "Direct3DEngine", "Direct3DEngine\Direct3DEngine.vcxproj", "{0436142F-9659-470B-A8BF-55EF7BF84352}"
EndProject
Global
	GlobalSection(SolutionConfigurationPlatforms) = preSolution
		Debug|Win32 = Debug|Win32
		Release|Win32 = Release|Win32
	EndGlobalSection
	GlobalSection(ProjectConfigurationPlatforms) = postSolution
		{0436142F-9659-470B-A8BF-55EF7BF84352}.Debug|Win32.ActiveCfg = Debug|Win32
		{0436142F-9659-470B-A8BF-55EF7BF84352}.Debug|Win32.Build.0 = Debug|Win32
		{0436142F-9659-470B-A8BF-55EF7BF84352}.Release|Win32.ActiveCfg = Release|Win32
		{0436142F-9659-470B-A8BF-55EF7BF84352}.Release|Win32.Build.0 = Release|Win32
	EndGlobalSection
	GlobalSection(SolutionProperties) = preSolution
		HideSolutionNode = FALSE
	EndGlobalSection
	GlobalSection(Performance) = preSolution
		HasPerformanceSessions = true
	EndGlobalSection
EndGlobal
